
Microsoft Visual Studio Solution File, Format Version 12.00
# Visual Studio Version 17
VisualStudioVersion = 17.3.32929.385
MinimumVisualStudioVersion = 10.0.40219.1
Project("{9A19103F-16F7-4668-BE54-9A1E7A4F7556}") = "ArcFaceLibrary", "lib\ArcFaceLibrary.csproj", "{70F18930-6CEB-4916-A18A-DED2E5A30615}"
EndProject
Project("{9A19103F-16F7-4668-BE54-9A1E7A4F7556}") = "WPFLab", "wpf\WPFLab.csproj", "{8F5B1B2F-4EB5-48B9-96DB-261BAA0C8231}"
EndProject
Project("{9A19103F-16F7-4668-BE54-9A1E7A4F7556}") = "Contracts", "Contracts\Contracts.csproj", "{5BE8C846-FA07-4ECA-9C94-113D4FC9099D}"
EndProject
Project("{FAE04EC0-301F-11D3-BF4B-00C04F79EFBC}") = "Server", "Server\Server.csproj", "{6D5DB8BF-4EE7-42D8-9925-4B8BBD9B2EA1}"
EndProject
Global
	GlobalSection(SolutionConfigurationPlatforms) = preSolution
		Debug|Any CPU = Debug|Any CPU
		Release|Any CPU = Release|Any CPU
	EndGlobalSection
	GlobalSection(ProjectConfigurationPlatforms) = postSolution
		{70F18930-6CEB-4916-A18A-DED2E5A30615}.Debug|Any CPU.ActiveCfg = Debug|Any CPU
		{70F18930-6CEB-4916-A18A-DED2E5A30615}.Debug|Any CPU.Build.0 = Debug|Any CPU
		{70F18930-6CEB-4916-A18A-DED2E5A30615}.Release|Any CPU.ActiveCfg = Release|Any CPU
		{70F18930-6CEB-4916-A18A-DED2E5A30615}.Release|Any CPU.Build.0 = Release|Any CPU
		{8F5B1B2F-4EB5-48B9-96DB-261BAA0C8231}.Debug|Any CPU.ActiveCfg = Debug|Any CPU
		{8F5B1B2F-4EB5-48B9-96DB-261BAA0C8231}.Debug|Any CPU.Build.0 = Debug|Any CPU
		{8F5B1B2F-4EB5-48B9-96DB-261BAA0C8231}.Release|Any CPU.ActiveCfg = Release|Any CPU
		{8F5B1B2F-4EB5-48B9-96DB-261BAA0C8231}.Release|Any CPU.Build.0 = Release|Any CPU
		{5BE8C846-FA07-4ECA-9C94-113D4FC9099D}.Debug|Any CPU.ActiveCfg = Debug|Any CPU
		{5BE8C846-FA07-4ECA-9C94-113D4FC9099D}.Debug|Any CPU.Build.0 = Debug|Any CPU
		{5BE8C846-FA07-4ECA-9C94-113D4FC9099D}.Release|Any CPU.ActiveCfg = Release|Any CPU
		{5BE8C846-FA07-4ECA-9C94-113D4FC9099D}.Release|Any CPU.Build.0 = Release|Any CPU
		{6D5DB8BF-4EE7-42D8-9925-4B8BBD9B2EA1}.Debug|Any CPU.ActiveCfg = Debug|Any CPU
		{6D5DB8BF-4EE7-42D8-9925-4B8BBD9B2EA1}.Debug|Any CPU.Build.0 = Debug|Any CPU
		{6D5DB8BF-4EE7-42D8-9925-4B8BBD9B2EA1}.Release|Any CPU.ActiveCfg = Release|Any CPU
		{6D5DB8BF-4EE7-42D8-9925-4B8BBD9B2EA1}.Release|Any CPU.Build.0 = Release|Any CPU
	EndGlobalSection
	GlobalSection(SolutionProperties) = preSolution
		HideSolutionNode = FALSE
	EndGlobalSection
	GlobalSection(ExtensibilityGlobals) = postSolution
		SolutionGuid = {37866B39-B1C0-4E3D-BF43-BBA1A3C93A41}
	EndGlobalSection
EndGlobal
